
Microsoft Visual Studio Solution File, Format Version 12.00
# Visual Studio Version 17
VisualStudioVersion = 17.2.32616.157
MinimumVisualStudioVersion = 10.0.40219.1
Project("{FAE04EC0-301F-11D3-BF4B-00C04F79EFBC}") = "Controle.Cursos", "Controle.Cursos\Controle.Cursos.csproj", "{CBF64D5B-43F1-41DC-BC0C-FFD565FDA642}"
EndProject
Global
	GlobalSection(SolutionConfigurationPlatforms) = preSolution
		Debug|Any CPU = Debug|Any CPU
		Release|Any CPU = Release|Any CPU
	EndGlobalSection
	GlobalSection(ProjectConfigurationPlatforms) = postSolution
		{CBF64D5B-43F1-41DC-BC0C-FFD565FDA642}.Debug|Any CPU.ActiveCfg = Debug|Any CPU
		{CBF64D5B-43F1-41DC-BC0C-FFD565FDA642}.Debug|Any CPU.Build.0 = Debug|Any CPU
		{CBF64D5B-43F1-41DC-BC0C-FFD565FDA642}.Release|Any CPU.ActiveCfg = Release|Any CPU
		{CBF64D5B-43F1-41DC-BC0C-FFD565FDA642}.Release|Any CPU.Build.0 = Release|Any CPU
	EndGlobalSection
	GlobalSection(SolutionProperties) = preSolution
		HideSolutionNode = FALSE
	EndGlobalSection
	GlobalSection(ExtensibilityGlobals) = postSolution
		SolutionGuid = {FB3CF86B-8FD6-4857-B30D-0E0D9E0DCF62}
	EndGlobalSection
EndGlobal
